
Microsoft Visual Studio Solution File, Format Version 12.00
# Visual Studio Version 16
VisualStudioVersion = 16.0.31605.320
MinimumVisualStudioVersion = 10.0.40219.1
Project("{FAE04EC0-301F-11D3-BF4B-00C04F79EFBC}") = "MultipleInstanceExample", "MultipleInstanceExample\MultipleInstanceExample.csproj", "{55780406-B6FC-4624-AB68-4B1057C31039}"
EndProject
Global
	GlobalSection(SolutionConfigurationPlatforms) = preSolution
		Debug|Any CPU = Debug|Any CPU
		Release|Any CPU = Release|Any CPU
	EndGlobalSection
	GlobalSection(ProjectConfigurationPlatforms) = postSolution
		{55780406-B6FC-4624-AB68-4B1057C31039}.Debug|Any CPU.ActiveCfg = Debug|Any CPU
		{55780406-B6FC-4624-AB68-4B1057C31039}.Debug|Any CPU.Build.0 = Debug|Any CPU
		{55780406-B6FC-4624-AB68-4B1057C31039}.Release|Any CPU.ActiveCfg = Release|Any CPU
		{55780406-B6FC-4624-AB68-4B1057C31039}.Release|Any CPU.Build.0 = Release|Any CPU
	EndGlobalSection
	GlobalSection(SolutionProperties) = preSolution
		HideSolutionNode = FALSE
	EndGlobalSection
	GlobalSection(ExtensibilityGlobals) = postSolution
		SolutionGuid = {651D2530-7C1A-43D4-9C97-D98050FF4A91}
	EndGlobalSection
EndGlobal
